
Microsoft Visual Studio Solution File, Format Version 12.00
# Visual Studio Version 17
VisualStudioVersion = 17.5.002.0
MinimumVisualStudioVersion = 10.0.40219.1
Project("{9A19103F-16F7-4668-BE54-9A1E7A4F7556}") = "Ametrin.Utils", "src\Ametrin.Utils.csproj", "{7DEF8AEF-8DE5-4DDC-B051-9E706664B430}"
EndProject
Project("{9A19103F-16F7-4668-BE54-9A1E7A4F7556}") = "Ametrin.Utils.Test", "test\Ametrin.Utils.Test.csproj", "{20B2A9D3-53AC-4178-AE34-444CFAA74C20}"
EndProject
Project("{FAE04EC0-301F-11D3-BF4B-00C04F79EFBC}") = "Ametrin.Optional", "..\Ametrin.Optional\src\Ametrin.Optional.csproj", "{56B7B435-C969-41EE-9BDE-DF3967B361B2}"
EndProject
Project("{FAE04EC0-301F-11D3-BF4B-00C04F79EFBC}") = "Ametrin.Utils.Benchmarks", "benchy\Ametrin.Utils.Benchmarks.csproj", "{84EA03B1-9767-49B9-9FE3-4270590125D0}"
EndProject
Global
	GlobalSection(SolutionConfigurationPlatforms) = preSolution
		Debug|Any CPU = Debug|Any CPU
		Release|Any CPU = Release|Any CPU
	EndGlobalSection
	GlobalSection(ProjectConfigurationPlatforms) = postSolution
		{7DEF8AEF-8DE5-4DDC-B051-9E706664B430}.Debug|Any CPU.ActiveCfg = Debug|Any CPU
		{7DEF8AEF-8DE5-4DDC-B051-9E706664B430}.Debug|Any CPU.Build.0 = Debug|Any CPU
		{7DEF8AEF-8DE5-4DDC-B051-9E706664B430}.Release|Any CPU.ActiveCfg = Release|Any CPU
		{7DEF8AEF-8DE5-4DDC-B051-9E706664B430}.Release|Any CPU.Build.0 = Release|Any CPU
		{20B2A9D3-53AC-4178-AE34-444CFAA74C20}.Debug|Any CPU.ActiveCfg = Debug|Any CPU
		{20B2A9D3-53AC-4178-AE34-444CFAA74C20}.Debug|Any CPU.Build.0 = Debug|Any CPU
		{20B2A9D3-53AC-4178-AE34-444CFAA74C20}.Release|Any CPU.ActiveCfg = Release|Any CPU
		{20B2A9D3-53AC-4178-AE34-444CFAA74C20}.Release|Any CPU.Build.0 = Release|Any CPU
		{56B7B435-C969-41EE-9BDE-DF3967B361B2}.Debug|Any CPU.ActiveCfg = Debug|Any CPU
		{56B7B435-C969-41EE-9BDE-DF3967B361B2}.Debug|Any CPU.Build.0 = Debug|Any CPU
		{56B7B435-C969-41EE-9BDE-DF3967B361B2}.Release|Any CPU.ActiveCfg = Release|Any CPU
		{56B7B435-C969-41EE-9BDE-DF3967B361B2}.Release|Any CPU.Build.0 = Release|Any CPU
		{84EA03B1-9767-49B9-9FE3-4270590125D0}.Debug|Any CPU.ActiveCfg = Debug|Any CPU
		{84EA03B1-9767-49B9-9FE3-4270590125D0}.Debug|Any CPU.Build.0 = Debug|Any CPU
		{84EA03B1-9767-49B9-9FE3-4270590125D0}.Release|Any CPU.ActiveCfg = Release|Any CPU
		{84EA03B1-9767-49B9-9FE3-4270590125D0}.Release|Any CPU.Build.0 = Release|Any CPU
	EndGlobalSection
	GlobalSection(SolutionProperties) = preSolution
		HideSolutionNode = FALSE
	EndGlobalSection
	GlobalSection(ExtensibilityGlobals) = postSolution
		SolutionGuid = {AFE1B0A2-454B-4C59-89ED-0847084AC7A5}
	EndGlobalSection
EndGlobal
